
Microsoft Visual Studio Solution File, Format Version 12.00
# Visual Studio Version 17
VisualStudioVersion = 17.10.35122.118
MinimumVisualStudioVersion = 10.0.40219.1
Project("{FAE04EC0-301F-11D3-BF4B-00C04F79EFBC}") = "QuartzInjectionExample", "QuartzInjectionExample\QuartzInjectionExample.csproj", "{A63845E7-A371-4576-B33D-54FA6AC2F832}"
EndProject
Global
	GlobalSection(SolutionConfigurationPlatforms) = preSolution
		Debug|Any CPU = Debug|Any CPU
		Release|Any CPU = Release|Any CPU
	EndGlobalSection
	GlobalSection(ProjectConfigurationPlatforms) = postSolution
		{A63845E7-A371-4576-B33D-54FA6AC2F832}.Debug|Any CPU.ActiveCfg = Debug|Any CPU
		{A63845E7-A371-4576-B33D-54FA6AC2F832}.Debug|Any CPU.Build.0 = Debug|Any CPU
		{A63845E7-A371-4576-B33D-54FA6AC2F832}.Release|Any CPU.ActiveCfg = Release|Any CPU
		{A63845E7-A371-4576-B33D-54FA6AC2F832}.Release|Any CPU.Build.0 = Release|Any CPU
	EndGlobalSection
	GlobalSection(SolutionProperties) = preSolution
		HideSolutionNode = FALSE
	EndGlobalSection
	GlobalSection(ExtensibilityGlobals) = postSolution
		SolutionGuid = {CE2D5E12-0A01-4302-8902-42CD66C27CDB}
	EndGlobalSection
EndGlobal
